
Microsoft Visual Studio Solution File, Format Version 12.00
# Visual Studio Version 17
VisualStudioVersion = 17.0.32112.339
MinimumVisualStudioVersion = 10.0.40219.1
Project("{FAE04EC0-301F-11D3-BF4B-00C04F79EFBC}") = "Exercise one", "..\Exercise one\Exercise one.csproj", "{DAAD0AE7-DAD4-4D41-96DA-42BB00B14A10}"
EndProject
Project("{FAE04EC0-301F-11D3-BF4B-00C04F79EFBC}") = "Exercise two", "..\Exercise two\Exercise two.csproj", "{C8E649CB-A110-4AC8-8A35-C62A30F8EC45}"
EndProject
Global
	GlobalSection(SolutionConfigurationPlatforms) = preSolution
		Debug|Any CPU = Debug|Any CPU
		Release|Any CPU = Release|Any CPU
	EndGlobalSection
	GlobalSection(ProjectConfigurationPlatforms) = postSolution
		{DAAD0AE7-DAD4-4D41-96DA-42BB00B14A10}.Debug|Any CPU.ActiveCfg = Debug|Any CPU
		{DAAD0AE7-DAD4-4D41-96DA-42BB00B14A10}.Debug|Any CPU.Build.0 = Debug|Any CPU
		{DAAD0AE7-DAD4-4D41-96DA-42BB00B14A10}.Release|Any CPU.ActiveCfg = Release|Any CPU
		{DAAD0AE7-DAD4-4D41-96DA-42BB00B14A10}.Release|Any CPU.Build.0 = Release|Any CPU
		{C8E649CB-A110-4AC8-8A35-C62A30F8EC45}.Debug|Any CPU.ActiveCfg = Debug|Any CPU
		{C8E649CB-A110-4AC8-8A35-C62A30F8EC45}.Debug|Any CPU.Build.0 = Debug|Any CPU
		{C8E649CB-A110-4AC8-8A35-C62A30F8EC45}.Release|Any CPU.ActiveCfg = Release|Any CPU
		{C8E649CB-A110-4AC8-8A35-C62A30F8EC45}.Release|Any CPU.Build.0 = Release|Any CPU
	EndGlobalSection
	GlobalSection(SolutionProperties) = preSolution
		HideSolutionNode = FALSE
	EndGlobalSection
	GlobalSection(ExtensibilityGlobals) = postSolution
		SolutionGuid = {8C7A61BA-545C-4AE6-BCA5-56876EDADB25}
	EndGlobalSection
EndGlobal
