
Microsoft Visual Studio Solution File, Format Version 12.00
# Visual Studio Version 17
VisualStudioVersion = 17.1.32414.318
MinimumVisualStudioVersion = 10.0.40219.1
Project("{9A19103F-16F7-4668-BE54-9A1E7A4F7556}") = "Words count", "Words count.csproj", "{EDF0822D-BF08-46CB-8ADE-BC3D38BA6B84}"
EndProject
Global
	GlobalSection(SolutionConfigurationPlatforms) = preSolution
		Debug|Any CPU = Debug|Any CPU
		Release|Any CPU = Release|Any CPU
	EndGlobalSection
	GlobalSection(ProjectConfigurationPlatforms) = postSolution
		{EDF0822D-BF08-46CB-8ADE-BC3D38BA6B84}.Debug|Any CPU.ActiveCfg = Debug|Any CPU
		{EDF0822D-BF08-46CB-8ADE-BC3D38BA6B84}.Debug|Any CPU.Build.0 = Debug|Any CPU
		{EDF0822D-BF08-46CB-8ADE-BC3D38BA6B84}.Release|Any CPU.ActiveCfg = Release|Any CPU
		{EDF0822D-BF08-46CB-8ADE-BC3D38BA6B84}.Release|Any CPU.Build.0 = Release|Any CPU
	EndGlobalSection
	GlobalSection(SolutionProperties) = preSolution
		HideSolutionNode = FALSE
	EndGlobalSection
	GlobalSection(ExtensibilityGlobals) = postSolution
		SolutionGuid = {5C234250-53AF-4E29-8AD6-8BB802F9DEFD}
	EndGlobalSection
EndGlobal
