
Microsoft Visual Studio Solution File, Format Version 12.00
# Visual Studio Version 17
VisualStudioVersion = 17.3.32819.101
MinimumVisualStudioVersion = 10.0.40219.1
Project("{FAE04EC0-301F-11D3-BF4B-00C04F79EFBC}") = "List", "List\List.csproj", "{0CEE336C-8FED-40BB-980E-CAD44C74C229}"
EndProject
Project("{FAE04EC0-301F-11D3-BF4B-00C04F79EFBC}") = "LinkedList", "LinkedList\LinkedList.csproj", "{A2BC7D63-F31F-4CBD-BA21-447B05BD66DB}"
EndProject
Global
	GlobalSection(SolutionConfigurationPlatforms) = preSolution
		Debug|Any CPU = Debug|Any CPU
		Release|Any CPU = Release|Any CPU
	EndGlobalSection
	GlobalSection(ProjectConfigurationPlatforms) = postSolution
		{0CEE336C-8FED-40BB-980E-CAD44C74C229}.Debug|Any CPU.ActiveCfg = Debug|Any CPU
		{0CEE336C-8FED-40BB-980E-CAD44C74C229}.Debug|Any CPU.Build.0 = Debug|Any CPU
		{0CEE336C-8FED-40BB-980E-CAD44C74C229}.Release|Any CPU.ActiveCfg = Release|Any CPU
		{0CEE336C-8FED-40BB-980E-CAD44C74C229}.Release|Any CPU.Build.0 = Release|Any CPU
		{A2BC7D63-F31F-4CBD-BA21-447B05BD66DB}.Debug|Any CPU.ActiveCfg = Debug|Any CPU
		{A2BC7D63-F31F-4CBD-BA21-447B05BD66DB}.Debug|Any CPU.Build.0 = Debug|Any CPU
		{A2BC7D63-F31F-4CBD-BA21-447B05BD66DB}.Release|Any CPU.ActiveCfg = Release|Any CPU
		{A2BC7D63-F31F-4CBD-BA21-447B05BD66DB}.Release|Any CPU.Build.0 = Release|Any CPU
	EndGlobalSection
	GlobalSection(SolutionProperties) = preSolution
		HideSolutionNode = FALSE
	EndGlobalSection
	GlobalSection(ExtensibilityGlobals) = postSolution
		SolutionGuid = {F413AAEE-4B2E-4409-8FAE-9F2962C987E0}
	EndGlobalSection
EndGlobal
