
Microsoft Visual Studio Solution File, Format Version 12.00
# Visual Studio Version 17
VisualStudioVersion = 17.1.32414.318
MinimumVisualStudioVersion = 10.0.40219.1
Project("{FAE04EC0-301F-11D3-BF4B-00C04F79EFBC}") = "Balanced Parantheses", "Balanced Parantheses\Balanced Parantheses.csproj", "{EEB0D77F-6A47-4692-8015-1F58DD7E2060}"
EndProject
Global
	GlobalSection(SolutionConfigurationPlatforms) = preSolution
		Debug|Any CPU = Debug|Any CPU
		Release|Any CPU = Release|Any CPU
	EndGlobalSection
	GlobalSection(ProjectConfigurationPlatforms) = postSolution
		{EEB0D77F-6A47-4692-8015-1F58DD7E2060}.Debug|Any CPU.ActiveCfg = Debug|Any CPU
		{EEB0D77F-6A47-4692-8015-1F58DD7E2060}.Debug|Any CPU.Build.0 = Debug|Any CPU
		{EEB0D77F-6A47-4692-8015-1F58DD7E2060}.Release|Any CPU.ActiveCfg = Release|Any CPU
		{EEB0D77F-6A47-4692-8015-1F58DD7E2060}.Release|Any CPU.Build.0 = Release|Any CPU
	EndGlobalSection
	GlobalSection(SolutionProperties) = preSolution
		HideSolutionNode = FALSE
	EndGlobalSection
	GlobalSection(ExtensibilityGlobals) = postSolution
		SolutionGuid = {7EB113E4-CBB9-47BE-92F2-44E4669C3BA3}
	EndGlobalSection
EndGlobal
