
Microsoft Visual Studio Solution File, Format Version 12.00
# Visual Studio Version 17
VisualStudioVersion = 17.1.32414.318
MinimumVisualStudioVersion = 10.0.40219.1
Project("{FAE04EC0-301F-11D3-BF4B-00C04F79EFBC}") = "1. Lootbox", "1. Lootbox\1. Lootbox.csproj", "{BB17D52B-AF1A-4FB0-86E3-C403ADC8658A}"
EndProject
Project("{FAE04EC0-301F-11D3-BF4B-00C04F79EFBC}") = "2. Re-Volt", "..\2. Re-Volt\2. Re-Volt.csproj", "{6DAAB396-8EEB-4E09-ACC0-A5ECCE6E107A}"
EndProject
Project("{FAE04EC0-301F-11D3-BF4B-00C04F79EFBC}") = "Guild", "..\Guild\Guild.csproj", "{11FC4F9B-DB5A-4D7D-B203-311A27D1829F}"
EndProject
Global
	GlobalSection(SolutionConfigurationPlatforms) = preSolution
		Debug|Any CPU = Debug|Any CPU
		Release|Any CPU = Release|Any CPU
	EndGlobalSection
	GlobalSection(ProjectConfigurationPlatforms) = postSolution
		{BB17D52B-AF1A-4FB0-86E3-C403ADC8658A}.Debug|Any CPU.ActiveCfg = Debug|Any CPU
		{BB17D52B-AF1A-4FB0-86E3-C403ADC8658A}.Debug|Any CPU.Build.0 = Debug|Any CPU
		{BB17D52B-AF1A-4FB0-86E3-C403ADC8658A}.Release|Any CPU.ActiveCfg = Release|Any CPU
		{BB17D52B-AF1A-4FB0-86E3-C403ADC8658A}.Release|Any CPU.Build.0 = Release|Any CPU
		{6DAAB396-8EEB-4E09-ACC0-A5ECCE6E107A}.Debug|Any CPU.ActiveCfg = Debug|Any CPU
		{6DAAB396-8EEB-4E09-ACC0-A5ECCE6E107A}.Debug|Any CPU.Build.0 = Debug|Any CPU
		{6DAAB396-8EEB-4E09-ACC0-A5ECCE6E107A}.Release|Any CPU.ActiveCfg = Release|Any CPU
		{6DAAB396-8EEB-4E09-ACC0-A5ECCE6E107A}.Release|Any CPU.Build.0 = Release|Any CPU
		{11FC4F9B-DB5A-4D7D-B203-311A27D1829F}.Debug|Any CPU.ActiveCfg = Debug|Any CPU
		{11FC4F9B-DB5A-4D7D-B203-311A27D1829F}.Debug|Any CPU.Build.0 = Debug|Any CPU
		{11FC4F9B-DB5A-4D7D-B203-311A27D1829F}.Release|Any CPU.ActiveCfg = Release|Any CPU
		{11FC4F9B-DB5A-4D7D-B203-311A27D1829F}.Release|Any CPU.Build.0 = Release|Any CPU
	EndGlobalSection
	GlobalSection(SolutionProperties) = preSolution
		HideSolutionNode = FALSE
	EndGlobalSection
	GlobalSection(ExtensibilityGlobals) = postSolution
		SolutionGuid = {5C4DBE55-FAF3-4883-A4FF-BB1F60D4D817}
	EndGlobalSection
EndGlobal
