
Microsoft Visual Studio Solution File, Format Version 12.00
# Visual Studio Version 17
VisualStudioVersion = 17.1.32414.318
MinimumVisualStudioVersion = 10.0.40219.1
Project("{FAE04EC0-301F-11D3-BF4B-00C04F79EFBC}") = "Vehicles", "Vehicles\Vehicles.csproj", "{28858505-DC79-4579-A989-0AECB25B68FA}"
EndProject
Project("{FAE04EC0-301F-11D3-BF4B-00C04F79EFBC}") = "Raiding", "..\Raiding\Raiding.csproj", "{4324F8AB-D552-43F6-8573-5131D2CD7D83}"
EndProject
Global
	GlobalSection(SolutionConfigurationPlatforms) = preSolution
		Debug|Any CPU = Debug|Any CPU
		Release|Any CPU = Release|Any CPU
	EndGlobalSection
	GlobalSection(ProjectConfigurationPlatforms) = postSolution
		{28858505-DC79-4579-A989-0AECB25B68FA}.Debug|Any CPU.ActiveCfg = Debug|Any CPU
		{28858505-DC79-4579-A989-0AECB25B68FA}.Debug|Any CPU.Build.0 = Debug|Any CPU
		{28858505-DC79-4579-A989-0AECB25B68FA}.Release|Any CPU.ActiveCfg = Release|Any CPU
		{28858505-DC79-4579-A989-0AECB25B68FA}.Release|Any CPU.Build.0 = Release|Any CPU
		{4324F8AB-D552-43F6-8573-5131D2CD7D83}.Debug|Any CPU.ActiveCfg = Debug|Any CPU
		{4324F8AB-D552-43F6-8573-5131D2CD7D83}.Debug|Any CPU.Build.0 = Debug|Any CPU
		{4324F8AB-D552-43F6-8573-5131D2CD7D83}.Release|Any CPU.ActiveCfg = Release|Any CPU
		{4324F8AB-D552-43F6-8573-5131D2CD7D83}.Release|Any CPU.Build.0 = Release|Any CPU
	EndGlobalSection
	GlobalSection(SolutionProperties) = preSolution
		HideSolutionNode = FALSE
	EndGlobalSection
	GlobalSection(ExtensibilityGlobals) = postSolution
		SolutionGuid = {4ADC47E0-3B34-42A1-AD93-2E64C089E8F3}
	EndGlobalSection
EndGlobal
