
Microsoft Visual Studio Solution File, Format Version 12.00
# Visual Studio Version 17
VisualStudioVersion = 17.1.32414.318
MinimumVisualStudioVersion = 10.0.40219.1
Project("{9A19103F-16F7-4668-BE54-9A1E7A4F7556}") = "Simple text editor", "Simple text editor.csproj", "{8F8989BA-2546-4CEC-9678-4A901DFFB6B9}"
EndProject
Global
	GlobalSection(SolutionConfigurationPlatforms) = preSolution
		Debug|Any CPU = Debug|Any CPU
		Release|Any CPU = Release|Any CPU
	EndGlobalSection
	GlobalSection(ProjectConfigurationPlatforms) = postSolution
		{8F8989BA-2546-4CEC-9678-4A901DFFB6B9}.Debug|Any CPU.ActiveCfg = Debug|Any CPU
		{8F8989BA-2546-4CEC-9678-4A901DFFB6B9}.Debug|Any CPU.Build.0 = Debug|Any CPU
		{8F8989BA-2546-4CEC-9678-4A901DFFB6B9}.Release|Any CPU.ActiveCfg = Release|Any CPU
		{8F8989BA-2546-4CEC-9678-4A901DFFB6B9}.Release|Any CPU.Build.0 = Release|Any CPU
	EndGlobalSection
	GlobalSection(SolutionProperties) = preSolution
		HideSolutionNode = FALSE
	EndGlobalSection
	GlobalSection(ExtensibilityGlobals) = postSolution
		SolutionGuid = {C8B1F16D-053C-4158-B876-A7E1DF953038}
	EndGlobalSection
EndGlobal
