
Microsoft Visual Studio Solution File, Format Version 12.00
# Visual Studio Version 17
VisualStudioVersion = 17.1.32414.318
MinimumVisualStudioVersion = 10.0.40219.1
Project("{FAE04EC0-301F-11D3-BF4B-00C04F79EFBC}") = "Filter by age", "Filter by age\Filter by age.csproj", "{52268AEE-6571-4497-9357-824CDED5336A}"
EndProject
Global
	GlobalSection(SolutionConfigurationPlatforms) = preSolution
		Debug|Any CPU = Debug|Any CPU
		Release|Any CPU = Release|Any CPU
	EndGlobalSection
	GlobalSection(ProjectConfigurationPlatforms) = postSolution
		{52268AEE-6571-4497-9357-824CDED5336A}.Debug|Any CPU.ActiveCfg = Debug|Any CPU
		{52268AEE-6571-4497-9357-824CDED5336A}.Debug|Any CPU.Build.0 = Debug|Any CPU
		{52268AEE-6571-4497-9357-824CDED5336A}.Release|Any CPU.ActiveCfg = Release|Any CPU
		{52268AEE-6571-4497-9357-824CDED5336A}.Release|Any CPU.Build.0 = Release|Any CPU
	EndGlobalSection
	GlobalSection(SolutionProperties) = preSolution
		HideSolutionNode = FALSE
	EndGlobalSection
	GlobalSection(ExtensibilityGlobals) = postSolution
		SolutionGuid = {711FFA12-1F29-430E-9A09-09F6B23C076C}
	EndGlobalSection
EndGlobal
