
Microsoft Visual Studio Solution File, Format Version 12.00
# Visual Studio Version 17
VisualStudioVersion = 17.1.32414.318
MinimumVisualStudioVersion = 10.0.40219.1
Project("{9A19103F-16F7-4668-BE54-9A1E7A4F7556}") = "Knight game", "Knight game\Knight game.csproj", "{C978A071-3DE6-4AED-92A0-822EC37E8D22}"
EndProject
Project("{FAE04EC0-301F-11D3-BF4B-00C04F79EFBC}") = "Bombs", "..\Bombs\Bombs.csproj", "{2945B70E-2B67-47DC-8BF7-2D1A2369B2BA}"
EndProject
Global
	GlobalSection(SolutionConfigurationPlatforms) = preSolution
		Debug|Any CPU = Debug|Any CPU
		Release|Any CPU = Release|Any CPU
	EndGlobalSection
	GlobalSection(ProjectConfigurationPlatforms) = postSolution
		{C978A071-3DE6-4AED-92A0-822EC37E8D22}.Debug|Any CPU.ActiveCfg = Debug|Any CPU
		{C978A071-3DE6-4AED-92A0-822EC37E8D22}.Debug|Any CPU.Build.0 = Debug|Any CPU
		{C978A071-3DE6-4AED-92A0-822EC37E8D22}.Release|Any CPU.ActiveCfg = Release|Any CPU
		{C978A071-3DE6-4AED-92A0-822EC37E8D22}.Release|Any CPU.Build.0 = Release|Any CPU
		{2945B70E-2B67-47DC-8BF7-2D1A2369B2BA}.Debug|Any CPU.ActiveCfg = Debug|Any CPU
		{2945B70E-2B67-47DC-8BF7-2D1A2369B2BA}.Debug|Any CPU.Build.0 = Debug|Any CPU
		{2945B70E-2B67-47DC-8BF7-2D1A2369B2BA}.Release|Any CPU.ActiveCfg = Release|Any CPU
		{2945B70E-2B67-47DC-8BF7-2D1A2369B2BA}.Release|Any CPU.Build.0 = Release|Any CPU
	EndGlobalSection
	GlobalSection(SolutionProperties) = preSolution
		HideSolutionNode = FALSE
	EndGlobalSection
	GlobalSection(ExtensibilityGlobals) = postSolution
		SolutionGuid = {AD310BA6-7FCC-4AD9-8DF1-729E6F1389B0}
	EndGlobalSection
EndGlobal
