
Microsoft Visual Studio Solution File, Format Version 12.00
# Visual Studio Version 17
VisualStudioVersion = 17.1.32414.318
MinimumVisualStudioVersion = 10.0.40219.1
Project("{FAE04EC0-301F-11D3-BF4B-00C04F79EFBC}") = "BoxOfT", "BoxOfT\BoxOfT.csproj", "{FCCD2273-2623-49C4-A45A-81227C4C4B84}"
EndProject
Global
	GlobalSection(SolutionConfigurationPlatforms) = preSolution
		Debug|Any CPU = Debug|Any CPU
		Release|Any CPU = Release|Any CPU
	EndGlobalSection
	GlobalSection(ProjectConfigurationPlatforms) = postSolution
		{FCCD2273-2623-49C4-A45A-81227C4C4B84}.Debug|Any CPU.ActiveCfg = Debug|Any CPU
		{FCCD2273-2623-49C4-A45A-81227C4C4B84}.Debug|Any CPU.Build.0 = Debug|Any CPU
		{FCCD2273-2623-49C4-A45A-81227C4C4B84}.Release|Any CPU.ActiveCfg = Release|Any CPU
		{FCCD2273-2623-49C4-A45A-81227C4C4B84}.Release|Any CPU.Build.0 = Release|Any CPU
	EndGlobalSection
	GlobalSection(SolutionProperties) = preSolution
		HideSolutionNode = FALSE
	EndGlobalSection
	GlobalSection(ExtensibilityGlobals) = postSolution
		SolutionGuid = {F2E6A7FE-6092-45DF-BC66-6E4078D035F2}
	EndGlobalSection
EndGlobal
