
Microsoft Visual Studio Solution File, Format Version 12.00
# Visual Studio Version 17
VisualStudioVersion = 17.1.32414.318
MinimumVisualStudioVersion = 10.0.40219.1
Project("{FAE04EC0-301F-11D3-BF4B-00C04F79EFBC}") = "Farm", "Farm\Farm.csproj", "{803AC1A7-36E4-4AB8-802C-CD2959C5DCF3}"
EndProject
Project("{FAE04EC0-301F-11D3-BF4B-00C04F79EFBC}") = "CustomRandomList", "..\CustomRandomList\CustomRandomList.csproj", "{7C279ED7-1BED-4D89-B6ED-79E7C82B1E8D}"
EndProject
Project("{FAE04EC0-301F-11D3-BF4B-00C04F79EFBC}") = "CustomStack", "..\CustomStack\CustomStack.csproj", "{7B84F85C-1675-4F54-9927-B057EEB3F2BD}"
EndProject
Global
	GlobalSection(SolutionConfigurationPlatforms) = preSolution
		Debug|Any CPU = Debug|Any CPU
		Release|Any CPU = Release|Any CPU
	EndGlobalSection
	GlobalSection(ProjectConfigurationPlatforms) = postSolution
		{803AC1A7-36E4-4AB8-802C-CD2959C5DCF3}.Debug|Any CPU.ActiveCfg = Debug|Any CPU
		{803AC1A7-36E4-4AB8-802C-CD2959C5DCF3}.Debug|Any CPU.Build.0 = Debug|Any CPU
		{803AC1A7-36E4-4AB8-802C-CD2959C5DCF3}.Release|Any CPU.ActiveCfg = Release|Any CPU
		{803AC1A7-36E4-4AB8-802C-CD2959C5DCF3}.Release|Any CPU.Build.0 = Release|Any CPU
		{7C279ED7-1BED-4D89-B6ED-79E7C82B1E8D}.Debug|Any CPU.ActiveCfg = Debug|Any CPU
		{7C279ED7-1BED-4D89-B6ED-79E7C82B1E8D}.Debug|Any CPU.Build.0 = Debug|Any CPU
		{7C279ED7-1BED-4D89-B6ED-79E7C82B1E8D}.Release|Any CPU.ActiveCfg = Release|Any CPU
		{7C279ED7-1BED-4D89-B6ED-79E7C82B1E8D}.Release|Any CPU.Build.0 = Release|Any CPU
		{7B84F85C-1675-4F54-9927-B057EEB3F2BD}.Debug|Any CPU.ActiveCfg = Debug|Any CPU
		{7B84F85C-1675-4F54-9927-B057EEB3F2BD}.Debug|Any CPU.Build.0 = Debug|Any CPU
		{7B84F85C-1675-4F54-9927-B057EEB3F2BD}.Release|Any CPU.ActiveCfg = Release|Any CPU
		{7B84F85C-1675-4F54-9927-B057EEB3F2BD}.Release|Any CPU.Build.0 = Release|Any CPU
	EndGlobalSection
	GlobalSection(SolutionProperties) = preSolution
		HideSolutionNode = FALSE
	EndGlobalSection
	GlobalSection(ExtensibilityGlobals) = postSolution
		SolutionGuid = {E47B75EE-D950-4E76-8383-13A028D5DADA}
	EndGlobalSection
EndGlobal
