
Microsoft Visual Studio Solution File, Format Version 12.00
# Visual Studio Version 17
VisualStudioVersion = 17.1.32414.318
MinimumVisualStudioVersion = 10.0.40219.1
Project("{9A19103F-16F7-4668-BE54-9A1E7A4F7556}") = "Crossroads", "Crossroads\Crossroads.csproj", "{BA289CF2-E5A6-49DB-A6D5-032318A3059A}"
EndProject
Global
	GlobalSection(SolutionConfigurationPlatforms) = preSolution
		Debug|Any CPU = Debug|Any CPU
		Release|Any CPU = Release|Any CPU
	EndGlobalSection
	GlobalSection(ProjectConfigurationPlatforms) = postSolution
		{BA289CF2-E5A6-49DB-A6D5-032318A3059A}.Debug|Any CPU.ActiveCfg = Debug|Any CPU
		{BA289CF2-E5A6-49DB-A6D5-032318A3059A}.Debug|Any CPU.Build.0 = Debug|Any CPU
		{BA289CF2-E5A6-49DB-A6D5-032318A3059A}.Release|Any CPU.ActiveCfg = Release|Any CPU
		{BA289CF2-E5A6-49DB-A6D5-032318A3059A}.Release|Any CPU.Build.0 = Release|Any CPU
	EndGlobalSection
	GlobalSection(SolutionProperties) = preSolution
		HideSolutionNode = FALSE
	EndGlobalSection
	GlobalSection(ExtensibilityGlobals) = postSolution
		SolutionGuid = {F7B2A82C-07CE-4E1E-BA53-1C41DA75691F}
	EndGlobalSection
EndGlobal
