
Microsoft Visual Studio Solution File, Format Version 12.00
# Visual Studio Version 17
VisualStudioVersion = 17.1.32414.318
MinimumVisualStudioVersion = 10.0.40219.1
Project("{FAE04EC0-301F-11D3-BF4B-00C04F79EFBC}") = "Hot Potato", "Hot Potato\Hot Potato.csproj", "{1F385332-799E-49BE-9AF1-F9909AD89BB4}"
EndProject
Global
	GlobalSection(SolutionConfigurationPlatforms) = preSolution
		Debug|Any CPU = Debug|Any CPU
		Release|Any CPU = Release|Any CPU
	EndGlobalSection
	GlobalSection(ProjectConfigurationPlatforms) = postSolution
		{1F385332-799E-49BE-9AF1-F9909AD89BB4}.Debug|Any CPU.ActiveCfg = Debug|Any CPU
		{1F385332-799E-49BE-9AF1-F9909AD89BB4}.Debug|Any CPU.Build.0 = Debug|Any CPU
		{1F385332-799E-49BE-9AF1-F9909AD89BB4}.Release|Any CPU.ActiveCfg = Release|Any CPU
		{1F385332-799E-49BE-9AF1-F9909AD89BB4}.Release|Any CPU.Build.0 = Release|Any CPU
	EndGlobalSection
	GlobalSection(SolutionProperties) = preSolution
		HideSolutionNode = FALSE
	EndGlobalSection
	GlobalSection(ExtensibilityGlobals) = postSolution
		SolutionGuid = {6B1A05EE-DCC0-4DAF-910F-C2B28C1F00BD}
	EndGlobalSection
EndGlobal
