
Microsoft Visual Studio Solution File, Format Version 12.00
# Visual Studio Version 17
VisualStudioVersion = 17.1.32414.318
MinimumVisualStudioVersion = 10.0.40219.1
Project("{FAE04EC0-301F-11D3-BF4B-00C04F79EFBC}") = "DefiningClasses", "DefiningClasses\DefiningClasses.csproj", "{045DCDEF-C063-4C66-BEE7-B8DB3874CAE0}"
EndProject
Global
	GlobalSection(SolutionConfigurationPlatforms) = preSolution
		Debug|Any CPU = Debug|Any CPU
		Release|Any CPU = Release|Any CPU
	EndGlobalSection
	GlobalSection(ProjectConfigurationPlatforms) = postSolution
		{045DCDEF-C063-4C66-BEE7-B8DB3874CAE0}.Debug|Any CPU.ActiveCfg = Debug|Any CPU
		{045DCDEF-C063-4C66-BEE7-B8DB3874CAE0}.Debug|Any CPU.Build.0 = Debug|Any CPU
		{045DCDEF-C063-4C66-BEE7-B8DB3874CAE0}.Release|Any CPU.ActiveCfg = Release|Any CPU
		{045DCDEF-C063-4C66-BEE7-B8DB3874CAE0}.Release|Any CPU.Build.0 = Release|Any CPU
	EndGlobalSection
	GlobalSection(SolutionProperties) = preSolution
		HideSolutionNode = FALSE
	EndGlobalSection
	GlobalSection(ExtensibilityGlobals) = postSolution
		SolutionGuid = {855B3603-D7D7-41A9-980D-61E411723B18}
	EndGlobalSection
EndGlobal
