
Microsoft Visual Studio Solution File, Format Version 12.00
# Visual Studio Version 17
VisualStudioVersion = 17.1.32414.318
MinimumVisualStudioVersion = 10.0.40219.1
Project("{FAE04EC0-301F-11D3-BF4B-00C04F79EFBC}") = "NeedForSpeed", "NeedForSpeed\NeedForSpeed.csproj", "{0FAF0414-1DFE-4979-89ED-235D8664216D}"
EndProject
Project("{FAE04EC0-301F-11D3-BF4B-00C04F79EFBC}") = "Restaurant", "..\Restaurant\Restaurant.csproj", "{6F58E526-5A05-4F6A-918F-C231047DE9BF}"
EndProject
Project("{FAE04EC0-301F-11D3-BF4B-00C04F79EFBC}") = "Animals", "..\Animals\Animals.csproj", "{082CAAE8-C00E-4778-AAE1-7A1BABD5BAA7}"
EndProject
Global
	GlobalSection(SolutionConfigurationPlatforms) = preSolution
		Debug|Any CPU = Debug|Any CPU
		Release|Any CPU = Release|Any CPU
	EndGlobalSection
	GlobalSection(ProjectConfigurationPlatforms) = postSolution
		{0FAF0414-1DFE-4979-89ED-235D8664216D}.Debug|Any CPU.ActiveCfg = Debug|Any CPU
		{0FAF0414-1DFE-4979-89ED-235D8664216D}.Debug|Any CPU.Build.0 = Debug|Any CPU
		{0FAF0414-1DFE-4979-89ED-235D8664216D}.Release|Any CPU.ActiveCfg = Release|Any CPU
		{0FAF0414-1DFE-4979-89ED-235D8664216D}.Release|Any CPU.Build.0 = Release|Any CPU
		{6F58E526-5A05-4F6A-918F-C231047DE9BF}.Debug|Any CPU.ActiveCfg = Debug|Any CPU
		{6F58E526-5A05-4F6A-918F-C231047DE9BF}.Debug|Any CPU.Build.0 = Debug|Any CPU
		{6F58E526-5A05-4F6A-918F-C231047DE9BF}.Release|Any CPU.ActiveCfg = Release|Any CPU
		{6F58E526-5A05-4F6A-918F-C231047DE9BF}.Release|Any CPU.Build.0 = Release|Any CPU
		{082CAAE8-C00E-4778-AAE1-7A1BABD5BAA7}.Debug|Any CPU.ActiveCfg = Debug|Any CPU
		{082CAAE8-C00E-4778-AAE1-7A1BABD5BAA7}.Debug|Any CPU.Build.0 = Debug|Any CPU
		{082CAAE8-C00E-4778-AAE1-7A1BABD5BAA7}.Release|Any CPU.ActiveCfg = Release|Any CPU
		{082CAAE8-C00E-4778-AAE1-7A1BABD5BAA7}.Release|Any CPU.Build.0 = Release|Any CPU
	EndGlobalSection
	GlobalSection(SolutionProperties) = preSolution
		HideSolutionNode = FALSE
	EndGlobalSection
	GlobalSection(ExtensibilityGlobals) = postSolution
		SolutionGuid = {7CA5BEA2-0429-48FF-90D7-0EE051FB76F5}
	EndGlobalSection
EndGlobal
