
Microsoft Visual Studio Solution File, Format Version 12.00
# Visual Studio Version 17
VisualStudioVersion = 17.1.32414.318
MinimumVisualStudioVersion = 10.0.40219.1
Project("{FAE04EC0-301F-11D3-BF4B-00C04F79EFBC}") = "FishingNet", "FishingNet\FishingNet.csproj", "{F5017187-1722-45AF-8493-CD77B443B1B9}"
EndProject
Global
	GlobalSection(SolutionConfigurationPlatforms) = preSolution
		Debug|Any CPU = Debug|Any CPU
		Release|Any CPU = Release|Any CPU
	EndGlobalSection
	GlobalSection(ProjectConfigurationPlatforms) = postSolution
		{F5017187-1722-45AF-8493-CD77B443B1B9}.Debug|Any CPU.ActiveCfg = Debug|Any CPU
		{F5017187-1722-45AF-8493-CD77B443B1B9}.Debug|Any CPU.Build.0 = Debug|Any CPU
		{F5017187-1722-45AF-8493-CD77B443B1B9}.Release|Any CPU.ActiveCfg = Release|Any CPU
		{F5017187-1722-45AF-8493-CD77B443B1B9}.Release|Any CPU.Build.0 = Release|Any CPU
	EndGlobalSection
	GlobalSection(SolutionProperties) = preSolution
		HideSolutionNode = FALSE
	EndGlobalSection
	GlobalSection(ExtensibilityGlobals) = postSolution
		SolutionGuid = {4A1AFC62-C97C-4C65-87FB-033BE759A72A}
	EndGlobalSection
EndGlobal
